
Microsoft Visual Studio Solution File, Format Version 12.00
# Visual Studio 15
VisualStudioVersion = 15.0.27130.2036
MinimumVisualStudioVersion = 10.0.40219.1
Project("{9A19103F-16F7-4668-BE54-9A1E7A4F7556}") = "CafECTowerEtl", "LoggerNetMeteorologyToDocumentDBMeasurement\CafECTowerEtl.csproj", "{DA2D5630-E707-4160-88D5-9C67EF4358D2}"
EndProject
Project("{9A19103F-16F7-4668-BE54-9A1E7A4F7556}") = "IntegrationTests", "IntegrationTests\IntegrationTests.csproj", "{0EE35D8A-AB60-4641-973A-E2FC79A35F0F}"
EndProject
Global
	GlobalSection(SolutionConfigurationPlatforms) = preSolution
		Debug|Any CPU = Debug|Any CPU
		Release|Any CPU = Release|Any CPU
	EndGlobalSection
	GlobalSection(ProjectConfigurationPlatforms) = postSolution
		{DA2D5630-E707-4160-88D5-9C67EF4358D2}.Debug|Any CPU.ActiveCfg = Debug|Any CPU
		{DA2D5630-E707-4160-88D5-9C67EF4358D2}.Debug|Any CPU.Build.0 = Debug|Any CPU
		{DA2D5630-E707-4160-88D5-9C67EF4358D2}.Release|Any CPU.ActiveCfg = Release|Any CPU
		{DA2D5630-E707-4160-88D5-9C67EF4358D2}.Release|Any CPU.Build.0 = Release|Any CPU
		{0EE35D8A-AB60-4641-973A-E2FC79A35F0F}.Debug|Any CPU.ActiveCfg = Debug|Any CPU
		{0EE35D8A-AB60-4641-973A-E2FC79A35F0F}.Debug|Any CPU.Build.0 = Debug|Any CPU
		{0EE35D8A-AB60-4641-973A-E2FC79A35F0F}.Release|Any CPU.ActiveCfg = Release|Any CPU
		{0EE35D8A-AB60-4641-973A-E2FC79A35F0F}.Release|Any CPU.Build.0 = Release|Any CPU
	EndGlobalSection
	GlobalSection(SolutionProperties) = preSolution
		HideSolutionNode = FALSE
	EndGlobalSection
	GlobalSection(ExtensibilityGlobals) = postSolution
		SolutionGuid = {F25D2A47-7A32-4FC1-AC25-8A30C7DA08A4}
	EndGlobalSection
EndGlobal
