
Microsoft Visual Studio Solution File, Format Version 12.00
# Visual Studio Version 16
VisualStudioVersion = 16.0.28803.452
MinimumVisualStudioVersion = 10.0.40219.1
Project("{9A19103F-16F7-4668-BE54-9A1E7A4F7556}") = "CafECTowerEtl", "CafECTowerEtl\CafECTowerEtl.csproj", "{B2D327CD-73D2-4899-90F9-F2725D4192EF}"
EndProject
Project("{9A19103F-16F7-4668-BE54-9A1E7A4F7556}") = "CafECTowerEtl.Tests", "CafECTowerEtl.Tests\CafECTowerEtl.Tests.csproj", "{D6220219-6BA4-45E5-B402-52301AC59696}"
EndProject
Global
	GlobalSection(SolutionConfigurationPlatforms) = preSolution
		Debug|Any CPU = Debug|Any CPU
		Release|Any CPU = Release|Any CPU
	EndGlobalSection
	GlobalSection(ProjectConfigurationPlatforms) = postSolution
		{B2D327CD-73D2-4899-90F9-F2725D4192EF}.Debug|Any CPU.ActiveCfg = Debug|Any CPU
		{B2D327CD-73D2-4899-90F9-F2725D4192EF}.Debug|Any CPU.Build.0 = Debug|Any CPU
		{B2D327CD-73D2-4899-90F9-F2725D4192EF}.Release|Any CPU.ActiveCfg = Release|Any CPU
		{B2D327CD-73D2-4899-90F9-F2725D4192EF}.Release|Any CPU.Build.0 = Release|Any CPU
		{D6220219-6BA4-45E5-B402-52301AC59696}.Debug|Any CPU.ActiveCfg = Debug|Any CPU
		{D6220219-6BA4-45E5-B402-52301AC59696}.Debug|Any CPU.Build.0 = Debug|Any CPU
		{D6220219-6BA4-45E5-B402-52301AC59696}.Release|Any CPU.ActiveCfg = Release|Any CPU
		{D6220219-6BA4-45E5-B402-52301AC59696}.Release|Any CPU.Build.0 = Release|Any CPU
	EndGlobalSection
	GlobalSection(SolutionProperties) = preSolution
		HideSolutionNode = FALSE
	EndGlobalSection
	GlobalSection(ExtensibilityGlobals) = postSolution
		SolutionGuid = {F25D2A47-7A32-4FC1-AC25-8A30C7DA08A4}
	EndGlobalSection
EndGlobal
